<Solution>
  <Folder Name="/documentation/">
    <File Path="README.md" />
  </Folder>
  <Folder Name="/documentation/docs/">
    <File Path="docs/configuration.md" />
    <File Path="docs/development.md" />
    <File Path="docs/knowledge.md" />
  </Folder>
  <Folder Name="/documentation/docs/architecture/">
    <File Path="docs/architecture/application-flow.md" />
    <File Path="docs/architecture/knowledge-architecture.md" />
    <File Path="docs/architecture/overview.md" />
    <File Path="docs/architecture/provider-model.md" />
  </Folder>
  <Folder Name="/documentation/docs/images/">
    <File Path="docs/images/ai-support-assistant.png" />
    <File Path="docs/images/architecture-overview.png" />
  </Folder>
  <Project Path="BrightProgramming.AiSupportAssistant.Api.IntegrationTests/BrightProgramming.AiSupportAssistant.Api.IntegrationTests.csproj" />
  <Project Path="BrightProgramming.AiSupportAssistant.Api.UnitTests/BrightProgramming.AiSupportAssistant.Api.UnitTests.csproj" />
  <Project Path="BrightProgramming.AiSupportAssistant.Api/BrightProgramming.AiSupportAssistant.Api.csproj" />
  <Project Path="BrightProgramming.AiSupportAssistant.Web/BrightProgramming.AiSupportAssistant.Web.csproj" Id="319bb02d-71a4-4721-93db-ab557507596c" />
</Solution>
